
Microsoft Visual Studio Solution File, Format Version 12.00
# Visual Studio Version 17
VisualStudioVersion = 17.10.35004.147
MinimumVisualStudioVersion = 10.0.40219.1
Project("{8BC9CEB8-8B4A-11D0-8D11-00A0C91BC942}") = "SampleItSelf", "SampleItSelf\SampleItSelf.vcxproj", "{E712C4DF-F305-4337-91CA-DFEA2B6F1CC2}"
EndProject
Project("{8BC9CEB8-8B4A-11D0-8D11-00A0C91BC942}") = "Solution_PureCode", "Solution_PureCode\Solution_PureCode.vcxproj", "{BBC87074-7982-4FFD-B321-7E47A1285E0E}"
EndProject
Project("{8BC9CEB8-8B4A-11D0-8D11-00A0C91BC942}") = "Solution_StateTrigger_XAML", "Solution_StateTrigger_XAML\Solution_StateTrigger_XAML.vcxproj", "{190A21D5-0A30-4867-896E-104E24678DE3}"
EndProject
Project("{8BC9CEB8-8B4A-11D0-8D11-00A0C91BC942}") = "Solution_StateTrigger_CPP", "Solution_StateTrigger_CPP\Solution_StateTrigger_CPP.vcxproj", "{9B9E78CC-7239-45A3-B899-33CDD2FCD9B3}"
EndProject
Project("{8BC9CEB8-8B4A-11D0-8D11-00A0C91BC942}") = "Solution_VisibilityControl", "Solution_VisibilityControl\Solution_VisibilityControl.vcxproj", "{DD1F8669-85E7-4DDF-ABA9-FEFF7DBFFF27}"
EndProject
Project("{8BC9CEB8-8B4A-11D0-8D11-00A0C91BC942}") = "Solution_DataTemplateSelector_ContentControl", "Solution_DataTemplateSelector_ContentControl\Solution_DataTemplateSelector_ContentControl.vcxproj", "{1191B3E8-DE18-4EDB-A62D-3120CD245250}"
EndProject
Global
	GlobalSection(SolutionConfigurationPlatforms) = preSolution
		Debug|ARM = Debug|ARM
		Debug|ARM64 = Debug|ARM64
		Debug|x64 = Debug|x64
		Debug|x86 = Debug|x86
		Release|ARM = Release|ARM
		Release|ARM64 = Release|ARM64
		Release|x64 = Release|x64
		Release|x86 = Release|x86
	EndGlobalSection
	GlobalSection(ProjectConfigurationPlatforms) = postSolution
		{E712C4DF-F305-4337-91CA-DFEA2B6F1CC2}.Debug|ARM.ActiveCfg = Debug|ARM
		{E712C4DF-F305-4337-91CA-DFEA2B6F1CC2}.Debug|ARM.Build.0 = Debug|ARM
		{E712C4DF-F305-4337-91CA-DFEA2B6F1CC2}.Debug|ARM.Deploy.0 = Debug|ARM
		{E712C4DF-F305-4337-91CA-DFEA2B6F1CC2}.Debug|ARM64.ActiveCfg = Debug|ARM64
		{E712C4DF-F305-4337-91CA-DFEA2B6F1CC2}.Debug|ARM64.Build.0 = Debug|ARM64
		{E712C4DF-F305-4337-91CA-DFEA2B6F1CC2}.Debug|ARM64.Deploy.0 = Debug|ARM64
		{E712C4DF-F305-4337-91CA-DFEA2B6F1CC2}.Debug|x64.ActiveCfg = Debug|x64
		{E712C4DF-F305-4337-91CA-DFEA2B6F1CC2}.Debug|x64.Build.0 = Debug|x64
		{E712C4DF-F305-4337-91CA-DFEA2B6F1CC2}.Debug|x64.Deploy.0 = Debug|x64
		{E712C4DF-F305-4337-91CA-DFEA2B6F1CC2}.Debug|x86.ActiveCfg = Debug|Win32
		{E712C4DF-F305-4337-91CA-DFEA2B6F1CC2}.Debug|x86.Build.0 = Debug|Win32
		{E712C4DF-F305-4337-91CA-DFEA2B6F1CC2}.Debug|x86.Deploy.0 = Debug|Win32
		{E712C4DF-F305-4337-91CA-DFEA2B6F1CC2}.Release|ARM.ActiveCfg = Release|ARM
		{E712C4DF-F305-4337-91CA-DFEA2B6F1CC2}.Release|ARM.Build.0 = Release|ARM
		{E712C4DF-F305-4337-91CA-DFEA2B6F1CC2}.Release|ARM.Deploy.0 = Release|ARM
		{E712C4DF-F305-4337-91CA-DFEA2B6F1CC2}.Release|ARM64.ActiveCfg = Release|ARM64
		{E712C4DF-F305-4337-91CA-DFEA2B6F1CC2}.Release|ARM64.Build.0 = Release|ARM64
		{E712C4DF-F305-4337-91CA-DFEA2B6F1CC2}.Release|ARM64.Deploy.0 = Release|ARM64
		{E712C4DF-F305-4337-91CA-DFEA2B6F1CC2}.Release|x64.ActiveCfg = Release|x64
		{E712C4DF-F305-4337-91CA-DFEA2B6F1CC2}.Release|x64.Build.0 = Release|x64
		{E712C4DF-F305-4337-91CA-DFEA2B6F1CC2}.Release|x64.Deploy.0 = Release|x64
		{E712C4DF-F305-4337-91CA-DFEA2B6F1CC2}.Release|x86.ActiveCfg = Release|Win32
		{E712C4DF-F305-4337-91CA-DFEA2B6F1CC2}.Release|x86.Build.0 = Release|Win32
		{E712C4DF-F305-4337-91CA-DFEA2B6F1CC2}.Release|x86.Deploy.0 = Release|Win32
		{BBC87074-7982-4FFD-B321-7E47A1285E0E}.Debug|ARM.ActiveCfg = Debug|ARM
		{BBC87074-7982-4FFD-B321-7E47A1285E0E}.Debug|ARM.Build.0 = Debug|ARM
		{BBC87074-7982-4FFD-B321-7E47A1285E0E}.Debug|ARM.Deploy.0 = Debug|ARM
		{BBC87074-7982-4FFD-B321-7E47A1285E0E}.Debug|ARM64.ActiveCfg = Debug|ARM64
		{BBC87074-7982-4FFD-B321-7E47A1285E0E}.Debug|ARM64.Build.0 = Debug|ARM64
		{BBC87074-7982-4FFD-B321-7E47A1285E0E}.Debug|ARM64.Deploy.0 = Debug|ARM64
		{BBC87074-7982-4FFD-B321-7E47A1285E0E}.Debug|x64.ActiveCfg = Debug|x64
		{BBC87074-7982-4FFD-B321-7E47A1285E0E}.Debug|x64.Build.0 = Debug|x64
		{BBC87074-7982-4FFD-B321-7E47A1285E0E}.Debug|x64.Deploy.0 = Debug|x64
		{BBC87074-7982-4FFD-B321-7E47A1285E0E}.Debug|x86.ActiveCfg = Debug|Win32
		{BBC87074-7982-4FFD-B321-7E47A1285E0E}.Debug|x86.Build.0 = Debug|Win32
		{BBC87074-7982-4FFD-B321-7E47A1285E0E}.Debug|x86.Deploy.0 = Debug|Win32
		{BBC87074-7982-4FFD-B321-7E47A1285E0E}.Release|ARM.ActiveCfg = Release|ARM
		{BBC87074-7982-4FFD-B321-7E47A1285E0E}.Release|ARM.Build.0 = Release|ARM
		{BBC87074-7982-4FFD-B321-7E47A1285E0E}.Release|ARM.Deploy.0 = Release|ARM
		{BBC87074-7982-4FFD-B321-7E47A1285E0E}.Release|ARM64.ActiveCfg = Release|ARM64
		{BBC87074-7982-4FFD-B321-7E47A1285E0E}.Release|ARM64.Build.0 = Release|ARM64
		{BBC87074-7982-4FFD-B321-7E47A1285E0E}.Release|ARM64.Deploy.0 = Release|ARM64
		{BBC87074-7982-4FFD-B321-7E47A1285E0E}.Release|x64.ActiveCfg = Release|x64
		{BBC87074-7982-4FFD-B321-7E47A1285E0E}.Release|x64.Build.0 = Release|x64
		{BBC87074-7982-4FFD-B321-7E47A1285E0E}.Release|x64.Deploy.0 = Release|x64
		{BBC87074-7982-4FFD-B321-7E47A1285E0E}.Release|x86.ActiveCfg = Release|Win32
		{BBC87074-7982-4FFD-B321-7E47A1285E0E}.Release|x86.Build.0 = Release|Win32
		{BBC87074-7982-4FFD-B321-7E47A1285E0E}.Release|x86.Deploy.0 = Release|Win32
		{190A21D5-0A30-4867-896E-104E24678DE3}.Debug|ARM.ActiveCfg = Debug|ARM
		{190A21D5-0A30-4867-896E-104E24678DE3}.Debug|ARM.Build.0 = Debug|ARM
		{190A21D5-0A30-4867-896E-104E24678DE3}.Debug|ARM.Deploy.0 = Debug|ARM
		{190A21D5-0A30-4867-896E-104E24678DE3}.Debug|ARM64.ActiveCfg = Debug|ARM64
		{190A21D5-0A30-4867-896E-104E24678DE3}.Debug|ARM64.Build.0 = Debug|ARM64
		{190A21D5-0A30-4867-896E-104E24678DE3}.Debug|ARM64.Deploy.0 = Debug|ARM64
		{190A21D5-0A30-4867-896E-104E24678DE3}.Debug|x64.ActiveCfg = Debug|x64
		{190A21D5-0A30-4867-896E-104E24678DE3}.Debug|x64.Build.0 = Debug|x64
		{190A21D5-0A30-4867-896E-104E24678DE3}.Debug|x64.Deploy.0 = Debug|x64
		{190A21D5-0A30-4867-896E-104E24678DE3}.Debug|x86.ActiveCfg = Debug|Win32
		{190A21D5-0A30-4867-896E-104E24678DE3}.Debug|x86.Build.0 = Debug|Win32
		{190A21D5-0A30-4867-896E-104E24678DE3}.Debug|x86.Deploy.0 = Debug|Win32
		{190A21D5-0A30-4867-896E-104E24678DE3}.Release|ARM.ActiveCfg = Release|ARM
		{190A21D5-0A30-4867-896E-104E24678DE3}.Release|ARM.Build.0 = Release|ARM
		{190A21D5-0A30-4867-896E-104E24678DE3}.Release|ARM.Deploy.0 = Release|ARM
		{190A21D5-0A30-4867-896E-104E24678DE3}.Release|ARM64.ActiveCfg = Release|ARM64
		{190A21D5-0A30-4867-896E-104E24678DE3}.Release|ARM64.Build.0 = Release|ARM64
		{190A21D5-0A30-4867-896E-104E24678DE3}.Release|ARM64.Deploy.0 = Release|ARM64
		{190A21D5-0A30-4867-896E-104E24678DE3}.Release|x64.ActiveCfg = Release|x64
		{190A21D5-0A30-4867-896E-104E24678DE3}.Release|x64.Build.0 = Release|x64
		{190A21D5-0A30-4867-896E-104E24678DE3}.Release|x64.Deploy.0 = Release|x64
		{190A21D5-0A30-4867-896E-104E24678DE3}.Release|x86.ActiveCfg = Release|Win32
		{190A21D5-0A30-4867-896E-104E24678DE3}.Release|x86.Build.0 = Release|Win32
		{190A21D5-0A30-4867-896E-104E24678DE3}.Release|x86.Deploy.0 = Release|Win32
		{9B9E78CC-7239-45A3-B899-33CDD2FCD9B3}.Debug|ARM.ActiveCfg = Debug|ARM
		{9B9E78CC-7239-45A3-B899-33CDD2FCD9B3}.Debug|ARM.Build.0 = Debug|ARM
		{9B9E78CC-7239-45A3-B899-33CDD2FCD9B3}.Debug|ARM.Deploy.0 = Debug|ARM
		{9B9E78CC-7239-45A3-B899-33CDD2FCD9B3}.Debug|ARM64.ActiveCfg = Debug|ARM64
		{9B9E78CC-7239-45A3-B899-33CDD2FCD9B3}.Debug|ARM64.Build.0 = Debug|ARM64
		{9B9E78CC-7239-45A3-B899-33CDD2FCD9B3}.Debug|ARM64.Deploy.0 = Debug|ARM64
		{9B9E78CC-7239-45A3-B899-33CDD2FCD9B3}.Debug|x64.ActiveCfg = Debug|x64
		{9B9E78CC-7239-45A3-B899-33CDD2FCD9B3}.Debug|x64.Build.0 = Debug|x64
		{9B9E78CC-7239-45A3-B899-33CDD2FCD9B3}.Debug|x64.Deploy.0 = Debug|x64
		{9B9E78CC-7239-45A3-B899-33CDD2FCD9B3}.Debug|x86.ActiveCfg = Debug|Win32
		{9B9E78CC-7239-45A3-B899-33CDD2FCD9B3}.Debug|x86.Build.0 = Debug|Win32
		{9B9E78CC-7239-45A3-B899-33CDD2FCD9B3}.Debug|x86.Deploy.0 = Debug|Win32
		{9B9E78CC-7239-45A3-B899-33CDD2FCD9B3}.Release|ARM.ActiveCfg = Release|ARM
		{9B9E78CC-7239-45A3-B899-33CDD2FCD9B3}.Release|ARM.Build.0 = Release|ARM
		{9B9E78CC-7239-45A3-B899-33CDD2FCD9B3}.Release|ARM.Deploy.0 = Release|ARM
		{9B9E78CC-7239-45A3-B899-33CDD2FCD9B3}.Release|ARM64.ActiveCfg = Release|ARM64
		{9B9E78CC-7239-45A3-B899-33CDD2FCD9B3}.Release|ARM64.Build.0 = Release|ARM64
		{9B9E78CC-7239-45A3-B899-33CDD2FCD9B3}.Release|ARM64.Deploy.0 = Release|ARM64
		{9B9E78CC-7239-45A3-B899-33CDD2FCD9B3}.Release|x64.ActiveCfg = Release|x64
		{9B9E78CC-7239-45A3-B899-33CDD2FCD9B3}.Release|x64.Build.0 = Release|x64
		{9B9E78CC-7239-45A3-B899-33CDD2FCD9B3}.Release|x64.Deploy.0 = Release|x64
		{9B9E78CC-7239-45A3-B899-33CDD2FCD9B3}.Release|x86.ActiveCfg = Release|Win32
		{9B9E78CC-7239-45A3-B899-33CDD2FCD9B3}.Release|x86.Build.0 = Release|Win32
		{9B9E78CC-7239-45A3-B899-33CDD2FCD9B3}.Release|x86.Deploy.0 = Release|Win32
		{DD1F8669-85E7-4DDF-ABA9-FEFF7DBFFF27}.Debug|ARM.ActiveCfg = Debug|ARM
		{DD1F8669-85E7-4DDF-ABA9-FEFF7DBFFF27}.Debug|ARM.Build.0 = Debug|ARM
		{DD1F8669-85E7-4DDF-ABA9-FEFF7DBFFF27}.Debug|ARM.Deploy.0 = Debug|ARM
		{DD1F8669-85E7-4DDF-ABA9-FEFF7DBFFF27}.Debug|ARM64.ActiveCfg = Debug|ARM64
		{DD1F8669-85E7-4DDF-ABA9-FEFF7DBFFF27}.Debug|ARM64.Build.0 = Debug|ARM64
		{DD1F8669-85E7-4DDF-ABA9-FEFF7DBFFF27}.Debug|ARM64.Deploy.0 = Debug|ARM64
		{DD1F8669-85E7-4DDF-ABA9-FEFF7DBFFF27}.Debug|x64.ActiveCfg = Debug|x64
		{DD1F8669-85E7-4DDF-ABA9-FEFF7DBFFF27}.Debug|x64.Build.0 = Debug|x64
		{DD1F8669-85E7-4DDF-ABA9-FEFF7DBFFF27}.Debug|x64.Deploy.0 = Debug|x64
		{DD1F8669-85E7-4DDF-ABA9-FEFF7DBFFF27}.Debug|x86.ActiveCfg = Debug|Win32
		{DD1F8669-85E7-4DDF-ABA9-FEFF7DBFFF27}.Debug|x86.Build.0 = Debug|Win32
		{DD1F8669-85E7-4DDF-ABA9-FEFF7DBFFF27}.Debug|x86.Deploy.0 = Debug|Win32
		{DD1F8669-85E7-4DDF-ABA9-FEFF7DBFFF27}.Release|ARM.ActiveCfg = Release|ARM
		{DD1F8669-85E7-4DDF-ABA9-FEFF7DBFFF27}.Release|ARM.Build.0 = Release|ARM
		{DD1F8669-85E7-4DDF-ABA9-FEFF7DBFFF27}.Release|ARM.Deploy.0 = Release|ARM
		{DD1F8669-85E7-4DDF-ABA9-FEFF7DBFFF27}.Release|ARM64.ActiveCfg = Release|ARM64
		{DD1F8669-85E7-4DDF-ABA9-FEFF7DBFFF27}.Release|ARM64.Build.0 = Release|ARM64
		{DD1F8669-85E7-4DDF-ABA9-FEFF7DBFFF27}.Release|ARM64.Deploy.0 = Release|ARM64
		{DD1F8669-85E7-4DDF-ABA9-FEFF7DBFFF27}.Release|x64.ActiveCfg = Release|x64
		{DD1F8669-85E7-4DDF-ABA9-FEFF7DBFFF27}.Release|x64.Build.0 = Release|x64
		{DD1F8669-85E7-4DDF-ABA9-FEFF7DBFFF27}.Release|x64.Deploy.0 = Release|x64
		{DD1F8669-85E7-4DDF-ABA9-FEFF7DBFFF27}.Release|x86.ActiveCfg = Release|Win32
		{DD1F8669-85E7-4DDF-ABA9-FEFF7DBFFF27}.Release|x86.Build.0 = Release|Win32
		{DD1F8669-85E7-4DDF-ABA9-FEFF7DBFFF27}.Release|x86.Deploy.0 = Release|Win32
		{1191B3E8-DE18-4EDB-A62D-3120CD245250}.Debug|ARM.ActiveCfg = Debug|ARM
		{1191B3E8-DE18-4EDB-A62D-3120CD245250}.Debug|ARM.Build.0 = Debug|ARM
		{1191B3E8-DE18-4EDB-A62D-3120CD245250}.Debug|ARM.Deploy.0 = Debug|ARM
		{1191B3E8-DE18-4EDB-A62D-3120CD245250}.Debug|ARM64.ActiveCfg = Debug|ARM64
		{1191B3E8-DE18-4EDB-A62D-3120CD245250}.Debug|ARM64.Build.0 = Debug|ARM64
		{1191B3E8-DE18-4EDB-A62D-3120CD245250}.Debug|ARM64.Deploy.0 = Debug|ARM64
		{1191B3E8-DE18-4EDB-A62D-3120CD245250}.Debug|x64.ActiveCfg = Debug|x64
		{1191B3E8-DE18-4EDB-A62D-3120CD245250}.Debug|x64.Build.0 = Debug|x64
		{1191B3E8-DE18-4EDB-A62D-3120CD245250}.Debug|x64.Deploy.0 = Debug|x64
		{1191B3E8-DE18-4EDB-A62D-3120CD245250}.Debug|x86.ActiveCfg = Debug|Win32
		{1191B3E8-DE18-4EDB-A62D-3120CD245250}.Debug|x86.Build.0 = Debug|Win32
		{1191B3E8-DE18-4EDB-A62D-3120CD245250}.Debug|x86.Deploy.0 = Debug|Win32
		{1191B3E8-DE18-4EDB-A62D-3120CD245250}.Release|ARM.ActiveCfg = Release|ARM
		{1191B3E8-DE18-4EDB-A62D-3120CD245250}.Release|ARM.Build.0 = Release|ARM
		{1191B3E8-DE18-4EDB-A62D-3120CD245250}.Release|ARM.Deploy.0 = Release|ARM
		{1191B3E8-DE18-4EDB-A62D-3120CD245250}.Release|ARM64.ActiveCfg = Release|ARM64
		{1191B3E8-DE18-4EDB-A62D-3120CD245250}.Release|ARM64.Build.0 = Release|ARM64
		{1191B3E8-DE18-4EDB-A62D-3120CD245250}.Release|ARM64.Deploy.0 = Release|ARM64
		{1191B3E8-DE18-4EDB-A62D-3120CD245250}.Release|x64.ActiveCfg = Release|x64
		{1191B3E8-DE18-4EDB-A62D-3120CD245250}.Release|x64.Build.0 = Release|x64
		{1191B3E8-DE18-4EDB-A62D-3120CD245250}.Release|x64.Deploy.0 = Release|x64
		{1191B3E8-DE18-4EDB-A62D-3120CD245250}.Release|x86.ActiveCfg = Release|Win32
		{1191B3E8-DE18-4EDB-A62D-3120CD245250}.Release|x86.Build.0 = Release|Win32
		{1191B3E8-DE18-4EDB-A62D-3120CD245250}.Release|x86.Deploy.0 = Release|Win32
	EndGlobalSection
	GlobalSection(SolutionProperties) = preSolution
		HideSolutionNode = FALSE
	EndGlobalSection
	GlobalSection(ExtensibilityGlobals) = postSolution
		SolutionGuid = {013159DA-C09F-4880-B483-F5FE61BC581A}
	EndGlobalSection
EndGlobal
